
Microsoft Visual Studio Solution File, Format Version 12.00
# Visual Studio Version 16
VisualStudioVersion = 16.0.29806.167
MinimumVisualStudioVersion = 10.0.40219.1
Project("{FAE04EC0-301F-11D3-BF4B-00C04F79EFBC}") = "MaterialDesign.Android", "MaterialDesign.Android\MaterialDesign.Android.csproj", "{0A8AD933-FA60-42C3-9CC2-90618E4597F9}"
EndProject
Project("{FAE04EC0-301F-11D3-BF4B-00C04F79EFBC}") = "MaterialDesign.iOS", "MaterialDesign.iOS\MaterialDesign.iOS.csproj", "{48D8BAF2-D58F-445B-949A-61BC85B4C424}"
EndProject
Project("{FAE04EC0-301F-11D3-BF4B-00C04F79EFBC}") = "MaterialDesign", "MaterialDesign\MaterialDesign.csproj", "{C94040D3-B0E1-48BB-8965-B31235B6496E}"
EndProject
Global
	GlobalSection(SolutionConfigurationPlatforms) = preSolution
		Debug|Any CPU = Debug|Any CPU
		Debug|iPhone = Debug|iPhone
		Debug|iPhoneSimulator = Debug|iPhoneSimulator
		Release|Any CPU = Release|Any CPU
		Release|iPhone = Release|iPhone
		Release|iPhoneSimulator = Release|iPhoneSimulator
	EndGlobalSection
	GlobalSection(ProjectConfigurationPlatforms) = postSolution
		{0A8AD933-FA60-42C3-9CC2-90618E4597F9}.Debug|Any CPU.ActiveCfg = Debug|Any CPU
		{0A8AD933-FA60-42C3-9CC2-90618E4597F9}.Debug|Any CPU.Build.0 = Debug|Any CPU
		{0A8AD933-FA60-42C3-9CC2-90618E4597F9}.Debug|Any CPU.Deploy.0 = Debug|Any CPU
		{0A8AD933-FA60-42C3-9CC2-90618E4597F9}.Debug|iPhone.ActiveCfg = Debug|Any CPU
		{0A8AD933-FA60-42C3-9CC2-90618E4597F9}.Debug|iPhone.Build.0 = Debug|Any CPU
		{0A8AD933-FA60-42C3-9CC2-90618E4597F9}.Debug|iPhone.Deploy.0 = Debug|Any CPU
		{0A8AD933-FA60-42C3-9CC2-90618E4597F9}.Debug|iPhoneSimulator.ActiveCfg = Debug|Any CPU
		{0A8AD933-FA60-42C3-9CC2-90618E4597F9}.Debug|iPhoneSimulator.Build.0 = Debug|Any CPU
		{0A8AD933-FA60-42C3-9CC2-90618E4597F9}.Debug|iPhoneSimulator.Deploy.0 = Debug|Any CPU
		{0A8AD933-FA60-42C3-9CC2-90618E4597F9}.Release|Any CPU.ActiveCfg = Release|Any CPU
		{0A8AD933-FA60-42C3-9CC2-90618E4597F9}.Release|Any CPU.Build.0 = Release|Any CPU
		{0A8AD933-FA60-42C3-9CC2-90618E4597F9}.Release|Any CPU.Deploy.0 = Release|Any CPU
		{0A8AD933-FA60-42C3-9CC2-90618E4597F9}.Release|iPhone.ActiveCfg = Release|Any CPU
		{0A8AD933-FA60-42C3-9CC2-90618E4597F9}.Release|iPhone.Build.0 = Release|Any CPU
		{0A8AD933-FA60-42C3-9CC2-90618E4597F9}.Release|iPhone.Deploy.0 = Release|Any CPU
		{0A8AD933-FA60-42C3-9CC2-90618E4597F9}.Release|iPhoneSimulator.ActiveCfg = Release|Any CPU
		{0A8AD933-FA60-42C3-9CC2-90618E4597F9}.Release|iPhoneSimulator.Build.0 = Release|Any CPU
		{0A8AD933-FA60-42C3-9CC2-90618E4597F9}.Release|iPhoneSimulator.Deploy.0 = Release|Any CPU
		{48D8BAF2-D58F-445B-949A-61BC85B4C424}.Debug|Any CPU.ActiveCfg = Debug|iPhoneSimulator
		{48D8BAF2-D58F-445B-949A-61BC85B4C424}.Debug|Any CPU.Build.0 = Debug|iPhoneSimulator
		{48D8BAF2-D58F-445B-949A-61BC85B4C424}.Debug|Any CPU.Deploy.0 = Debug|iPhoneSimulator
		{48D8BAF2-D58F-445B-949A-61BC85B4C424}.Debug|iPhone.ActiveCfg = Debug|iPhone
		{48D8BAF2-D58F-445B-949A-61BC85B4C424}.Debug|iPhone.Build.0 = Debug|iPhone
		{48D8BAF2-D58F-445B-949A-61BC85B4C424}.Debug|iPhone.Deploy.0 = Debug|iPhone
		{48D8BAF2-D58F-445B-949A-61BC85B4C424}.Debug|iPhoneSimulator.ActiveCfg = Debug|iPhoneSimulator
		{48D8BAF2-D58F-445B-949A-61BC85B4C424}.Debug|iPhoneSimulator.Build.0 = Debug|iPhoneSimulator
		{48D8BAF2-D58F-445B-949A-61BC85B4C424}.Debug|iPhoneSimulator.Deploy.0 = Debug|iPhoneSimulator
		{48D8BAF2-D58F-445B-949A-61BC85B4C424}.Release|Any CPU.ActiveCfg = Release|iPhone
		{48D8BAF2-D58F-445B-949A-61BC85B4C424}.Release|Any CPU.Build.0 = Release|iPhone
		{48D8BAF2-D58F-445B-949A-61BC85B4C424}.Release|Any CPU.Deploy.0 = Release|iPhone
		{48D8BAF2-D58F-445B-949A-61BC85B4C424}.Release|iPhone.ActiveCfg = Release|iPhone
		{48D8BAF2-D58F-445B-949A-61BC85B4C424}.Release|iPhone.Build.0 = Release|iPhone
		{48D8BAF2-D58F-445B-949A-61BC85B4C424}.Release|iPhone.Deploy.0 = Release|iPhone
		{48D8BAF2-D58F-445B-949A-61BC85B4C424}.Release|iPhoneSimulator.ActiveCfg = Release|iPhoneSimulator
		{48D8BAF2-D58F-445B-949A-61BC85B4C424}.Release|iPhoneSimulator.Build.0 = Release|iPhoneSimulator
		{48D8BAF2-D58F-445B-949A-61BC85B4C424}.Release|iPhoneSimulator.Deploy.0 = Release|iPhoneSimulator
		{C94040D3-B0E1-48BB-8965-B31235B6496E}.Debug|Any CPU.ActiveCfg = Debug|Any CPU
		{C94040D3-B0E1-48BB-8965-B31235B6496E}.Debug|Any CPU.Build.0 = Debug|Any CPU
		{C94040D3-B0E1-48BB-8965-B31235B6496E}.Debug|Any CPU.Deploy.0 = Debug|Any CPU
		{C94040D3-B0E1-48BB-8965-B31235B6496E}.Debug|iPhone.ActiveCfg = Debug|Any CPU
		{C94040D3-B0E1-48BB-8965-B31235B6496E}.Debug|iPhone.Build.0 = Debug|Any CPU
		{C94040D3-B0E1-48BB-8965-B31235B6496E}.Debug|iPhone.Deploy.0 = Debug|Any CPU
		{C94040D3-B0E1-48BB-8965-B31235B6496E}.Debug|iPhoneSimulator.ActiveCfg = Debug|Any CPU
		{C94040D3-B0E1-48BB-8965-B31235B6496E}.Debug|iPhoneSimulator.Build.0 = Debug|Any CPU
		{C94040D3-B0E1-48BB-8965-B31235B6496E}.Debug|iPhoneSimulator.Deploy.0 = Debug|Any CPU
		{C94040D3-B0E1-48BB-8965-B31235B6496E}.Release|Any CPU.ActiveCfg = Release|Any CPU
		{C94040D3-B0E1-48BB-8965-B31235B6496E}.Release|Any CPU.Build.0 = Release|Any CPU
		{C94040D3-B0E1-48BB-8965-B31235B6496E}.Release|Any CPU.Deploy.0 = Release|Any CPU
		{C94040D3-B0E1-48BB-8965-B31235B6496E}.Release|iPhone.ActiveCfg = Release|Any CPU
		{C94040D3-B0E1-48BB-8965-B31235B6496E}.Release|iPhone.Build.0 = Release|Any CPU
		{C94040D3-B0E1-48BB-8965-B31235B6496E}.Release|iPhone.Deploy.0 = Release|Any CPU
		{C94040D3-B0E1-48BB-8965-B31235B6496E}.Release|iPhoneSimulator.ActiveCfg = Release|Any CPU
		{C94040D3-B0E1-48BB-8965-B31235B6496E}.Release|iPhoneSimulator.Build.0 = Release|Any CPU
		{C94040D3-B0E1-48BB-8965-B31235B6496E}.Release|iPhoneSimulator.Deploy.0 = Release|Any CPU
	EndGlobalSection
	GlobalSection(SolutionProperties) = preSolution
		HideSolutionNode = FALSE
	EndGlobalSection
	GlobalSection(ExtensibilityGlobals) = postSolution
		SolutionGuid = {594B14A6-6016-4439-B6FC-965E45656736}
	EndGlobalSection
EndGlobal
